
Microsoft Visual Studio Solution File, Format Version 12.00
# Visual Studio Version 17
VisualStudioVersion = 17.6.33815.320
MinimumVisualStudioVersion = 10.0.40219.1
Project("{8BC9CEB8-8B4A-11D0-8D11-00A0C91BC942}") = "HeapSort", "HeapSort\HeapSort.vcxproj", "{470D7CEF-BB41-4776-B41A-863378F738DA}"
EndProject
Project("{8BC9CEB8-8B4A-11D0-8D11-00A0C91BC942}") = "PriorityQueue", "PriorityQueue\PriorityQueue.vcxproj", "{2F08C07F-D7D6-466E-8294-8441033D08FA}"
EndProject
Project("{8BC9CEB8-8B4A-11D0-8D11-00A0C91BC942}") = "QuickSort", "QuickSort\QuickSort.vcxproj", "{07E878E2-EECB-4A57-BF3C-212A71027254}"
EndProject
Project("{8BC9CEB8-8B4A-11D0-8D11-00A0C91BC942}") = "CountingSort", "CountingSort\CountingSort.vcxproj", "{9F084C37-9BFB-4111-A2B9-17B990AE87CA}"
EndProject
Project("{8BC9CEB8-8B4A-11D0-8D11-00A0C91BC942}") = "RadixSort", "RadixSort\RadixSort.vcxproj", "{5E29C659-36C5-4F05-9FC1-0F7B2C595F43}"
EndProject
Project("{8BC9CEB8-8B4A-11D0-8D11-00A0C91BC942}") = "BucketSort", "BucketSort\BucketSort.vcxproj", "{AEFC4A26-B3B3-41DA-A8BA-96C43A6C82C4}"
EndProject
Project("{8BC9CEB8-8B4A-11D0-8D11-00A0C91BC942}") = "HashTable", "HashTable\HashTable.vcxproj", "{DF2A6C78-65F8-4CF4-B240-356104BF508E}"
EndProject
Project("{8BC9CEB8-8B4A-11D0-8D11-00A0C91BC942}") = "BinarySearchTree", "BinarySearchTree\BinarySearchTree.vcxproj", "{678D3191-8375-4857-80D7-9C8070C300ED}"
EndProject
Project("{8BC9CEB8-8B4A-11D0-8D11-00A0C91BC942}") = "RedBlackTree", "RedBlackTree\RedBlackTree.vcxproj", "{5164EE84-A632-46F8-A32E-49B6E87C61CB}"
EndProject
Project("{8BC9CEB8-8B4A-11D0-8D11-00A0C91BC942}") = "Graph", "Graph\Graph.vcxproj", "{64EB316F-1E95-4958-AC0C-58FA17ED0155}"
EndProject
Project("{8BC9CEB8-8B4A-11D0-8D11-00A0C91BC942}") = "TopologicalSort", "TopologicalSort\TopologicalSort.vcxproj", "{E821280A-E88D-4C5B-9DC1-7D7E5DAA1148}"
EndProject
Project("{8BC9CEB8-8B4A-11D0-8D11-00A0C91BC942}") = "DisjointSet", "DisjointSet\DisjointSet.vcxproj", "{7B606E04-3C85-4D32-82B0-1B70619AF64D}"
EndProject
Project("{8BC9CEB8-8B4A-11D0-8D11-00A0C91BC942}") = "Kruskal", "Kruskal\Kruskal.vcxproj", "{1F8B1FCE-8249-408C-A3A6-FC54EA5C91B7}"
	ProjectSection(ProjectDependencies) = postProject
		{64EB316F-1E95-4958-AC0C-58FA17ED0155} = {64EB316F-1E95-4958-AC0C-58FA17ED0155}
		{7B606E04-3C85-4D32-82B0-1B70619AF64D} = {7B606E04-3C85-4D32-82B0-1B70619AF64D}
	EndProjectSection
EndProject
Project("{8BC9CEB8-8B4A-11D0-8D11-00A0C91BC942}") = "Prim", "Prim\Prim.vcxproj", "{224D4ECD-463C-466D-9880-571032F83476}"
EndProject
Project("{8BC9CEB8-8B4A-11D0-8D11-00A0C91BC942}") = "BellmanFord", "BellmanFord\BellmanFord.vcxproj", "{22B776C5-C6D5-449D-9203-3D4F2ED4499E}"
EndProject
Project("{8BC9CEB8-8B4A-11D0-8D11-00A0C91BC942}") = "DAGShortestPath", "DAGShortestPath\DAGShortestPath.vcxproj", "{1B95416D-243F-4EFE-B2BD-EFE2AAA45E92}"
EndProject
Project("{8BC9CEB8-8B4A-11D0-8D11-00A0C91BC942}") = "Dijkstra", "Dijkstra\Dijkstra.vcxproj", "{C17A23C1-EDFD-4E2E-8BBC-FAFD616EBF95}"
EndProject
Global
	GlobalSection(SolutionConfigurationPlatforms) = preSolution
		Debug|x64 = Debug|x64
		Debug|x86 = Debug|x86
		Release|x64 = Release|x64
		Release|x86 = Release|x86
	EndGlobalSection
	GlobalSection(ProjectConfigurationPlatforms) = postSolution
		{470D7CEF-BB41-4776-B41A-863378F738DA}.Debug|x64.ActiveCfg = Debug|x64
		{470D7CEF-BB41-4776-B41A-863378F738DA}.Debug|x64.Build.0 = Debug|x64
		{470D7CEF-BB41-4776-B41A-863378F738DA}.Debug|x86.ActiveCfg = Debug|Win32
		{470D7CEF-BB41-4776-B41A-863378F738DA}.Debug|x86.Build.0 = Debug|Win32
		{470D7CEF-BB41-4776-B41A-863378F738DA}.Release|x64.ActiveCfg = Release|x64
		{470D7CEF-BB41-4776-B41A-863378F738DA}.Release|x64.Build.0 = Release|x64
		{470D7CEF-BB41-4776-B41A-863378F738DA}.Release|x86.ActiveCfg = Release|Win32
		{470D7CEF-BB41-4776-B41A-863378F738DA}.Release|x86.Build.0 = Release|Win32
		{2F08C07F-D7D6-466E-8294-8441033D08FA}.Debug|x64.ActiveCfg = Debug|x64
		{2F08C07F-D7D6-466E-8294-8441033D08FA}.Debug|x64.Build.0 = Debug|x64
		{2F08C07F-D7D6-466E-8294-8441033D08FA}.Debug|x86.ActiveCfg = Debug|Win32
		{2F08C07F-D7D6-466E-8294-8441033D08FA}.Debug|x86.Build.0 = Debug|Win32
		{2F08C07F-D7D6-466E-8294-8441033D08FA}.Release|x64.ActiveCfg = Release|x64
		{2F08C07F-D7D6-466E-8294-8441033D08FA}.Release|x64.Build.0 = Release|x64
		{2F08C07F-D7D6-466E-8294-8441033D08FA}.Release|x86.ActiveCfg = Release|Win32
		{2F08C07F-D7D6-466E-8294-8441033D08FA}.Release|x86.Build.0 = Release|Win32
		{07E878E2-EECB-4A57-BF3C-212A71027254}.Debug|x64.ActiveCfg = Debug|x64
		{07E878E2-EECB-4A57-BF3C-212A71027254}.Debug|x64.Build.0 = Debug|x64
		{07E878E2-EECB-4A57-BF3C-212A71027254}.Debug|x86.ActiveCfg = Debug|Win32
		{07E878E2-EECB-4A57-BF3C-212A71027254}.Debug|x86.Build.0 = Debug|Win32
		{07E878E2-EECB-4A57-BF3C-212A71027254}.Release|x64.ActiveCfg = Release|x64
		{07E878E2-EECB-4A57-BF3C-212A71027254}.Release|x64.Build.0 = Release|x64
		{07E878E2-EECB-4A57-BF3C-212A71027254}.Release|x86.ActiveCfg = Release|Win32
		{07E878E2-EECB-4A57-BF3C-212A71027254}.Release|x86.Build.0 = Release|Win32
		{9F084C37-9BFB-4111-A2B9-17B990AE87CA}.Debug|x64.ActiveCfg = Debug|x64
		{9F084C37-9BFB-4111-A2B9-17B990AE87CA}.Debug|x64.Build.0 = Debug|x64
		{9F084C37-9BFB-4111-A2B9-17B990AE87CA}.Debug|x86.ActiveCfg = Debug|Win32
		{9F084C37-9BFB-4111-A2B9-17B990AE87CA}.Debug|x86.Build.0 = Debug|Win32
		{9F084C37-9BFB-4111-A2B9-17B990AE87CA}.Release|x64.ActiveCfg = Release|x64
		{9F084C37-9BFB-4111-A2B9-17B990AE87CA}.Release|x64.Build.0 = Release|x64
		{9F084C37-9BFB-4111-A2B9-17B990AE87CA}.Release|x86.ActiveCfg = Release|Win32
		{9F084C37-9BFB-4111-A2B9-17B990AE87CA}.Release|x86.Build.0 = Release|Win32
		{5E29C659-36C5-4F05-9FC1-0F7B2C595F43}.Debug|x64.ActiveCfg = Debug|x64
		{5E29C659-36C5-4F05-9FC1-0F7B2C595F43}.Debug|x64.Build.0 = Debug|x64
		{5E29C659-36C5-4F05-9FC1-0F7B2C595F43}.Debug|x86.ActiveCfg = Debug|Win32
		{5E29C659-36C5-4F05-9FC1-0F7B2C595F43}.Debug|x86.Build.0 = Debug|Win32
		{5E29C659-36C5-4F05-9FC1-0F7B2C595F43}.Release|x64.ActiveCfg = Release|x64
		{5E29C659-36C5-4F05-9FC1-0F7B2C595F43}.Release|x64.Build.0 = Release|x64
		{5E29C659-36C5-4F05-9FC1-0F7B2C595F43}.Release|x86.ActiveCfg = Release|Win32
		{5E29C659-36C5-4F05-9FC1-0F7B2C595F43}.Release|x86.Build.0 = Release|Win32
		{AEFC4A26-B3B3-41DA-A8BA-96C43A6C82C4}.Debug|x64.ActiveCfg = Debug|x64
		{AEFC4A26-B3B3-41DA-A8BA-96C43A6C82C4}.Debug|x64.Build.0 = Debug|x64
		{AEFC4A26-B3B3-41DA-A8BA-96C43A6C82C4}.Debug|x86.ActiveCfg = Debug|Win32
		{AEFC4A26-B3B3-41DA-A8BA-96C43A6C82C4}.Debug|x86.Build.0 = Debug|Win32
		{AEFC4A26-B3B3-41DA-A8BA-96C43A6C82C4}.Release|x64.ActiveCfg = Release|x64
		{AEFC4A26-B3B3-41DA-A8BA-96C43A6C82C4}.Release|x64.Build.0 = Release|x64
		{AEFC4A26-B3B3-41DA-A8BA-96C43A6C82C4}.Release|x86.ActiveCfg = Release|Win32
		{AEFC4A26-B3B3-41DA-A8BA-96C43A6C82C4}.Release|x86.Build.0 = Release|Win32
		{DF2A6C78-65F8-4CF4-B240-356104BF508E}.Debug|x64.ActiveCfg = Debug|x64
		{DF2A6C78-65F8-4CF4-B240-356104BF508E}.Debug|x64.Build.0 = Debug|x64
		{DF2A6C78-65F8-4CF4-B240-356104BF508E}.Debug|x86.ActiveCfg = Debug|Win32
		{DF2A6C78-65F8-4CF4-B240-356104BF508E}.Debug|x86.Build.0 = Debug|Win32
		{DF2A6C78-65F8-4CF4-B240-356104BF508E}.Release|x64.ActiveCfg = Release|x64
		{DF2A6C78-65F8-4CF4-B240-356104BF508E}.Release|x64.Build.0 = Release|x64
		{DF2A6C78-65F8-4CF4-B240-356104BF508E}.Release|x86.ActiveCfg = Release|Win32
		{DF2A6C78-65F8-4CF4-B240-356104BF508E}.Release|x86.Build.0 = Release|Win32
		{678D3191-8375-4857-80D7-9C8070C300ED}.Debug|x64.ActiveCfg = Debug|x64
		{678D3191-8375-4857-80D7-9C8070C300ED}.Debug|x64.Build.0 = Debug|x64
		{678D3191-8375-4857-80D7-9C8070C300ED}.Debug|x86.ActiveCfg = Debug|Win32
		{678D3191-8375-4857-80D7-9C8070C300ED}.Debug|x86.Build.0 = Debug|Win32
		{678D3191-8375-4857-80D7-9C8070C300ED}.Release|x64.ActiveCfg = Release|x64
		{678D3191-8375-4857-80D7-9C8070C300ED}.Release|x64.Build.0 = Release|x64
		{678D3191-8375-4857-80D7-9C8070C300ED}.Release|x86.ActiveCfg = Release|Win32
		{678D3191-8375-4857-80D7-9C8070C300ED}.Release|x86.Build.0 = Release|Win32
		{5164EE84-A632-46F8-A32E-49B6E87C61CB}.Debug|x64.ActiveCfg = Debug|x64
		{5164EE84-A632-46F8-A32E-49B6E87C61CB}.Debug|x64.Build.0 = Debug|x64
		{5164EE84-A632-46F8-A32E-49B6E87C61CB}.Debug|x86.ActiveCfg = Debug|Win32
		{5164EE84-A632-46F8-A32E-49B6E87C61CB}.Debug|x86.Build.0 = Debug|Win32
		{5164EE84-A632-46F8-A32E-49B6E87C61CB}.Release|x64.ActiveCfg = Release|x64
		{5164EE84-A632-46F8-A32E-49B6E87C61CB}.Release|x64.Build.0 = Release|x64
		{5164EE84-A632-46F8-A32E-49B6E87C61CB}.Release|x86.ActiveCfg = Release|Win32
		{5164EE84-A632-46F8-A32E-49B6E87C61CB}.Release|x86.Build.0 = Release|Win32
		{64EB316F-1E95-4958-AC0C-58FA17ED0155}.Debug|x64.ActiveCfg = Debug|x64
		{64EB316F-1E95-4958-AC0C-58FA17ED0155}.Debug|x64.Build.0 = Debug|x64
		{64EB316F-1E95-4958-AC0C-58FA17ED0155}.Debug|x86.ActiveCfg = Debug|Win32
		{64EB316F-1E95-4958-AC0C-58FA17ED0155}.Debug|x86.Build.0 = Debug|Win32
		{64EB316F-1E95-4958-AC0C-58FA17ED0155}.Release|x64.ActiveCfg = Release|x64
		{64EB316F-1E95-4958-AC0C-58FA17ED0155}.Release|x64.Build.0 = Release|x64
		{64EB316F-1E95-4958-AC0C-58FA17ED0155}.Release|x86.ActiveCfg = Release|Win32
		{64EB316F-1E95-4958-AC0C-58FA17ED0155}.Release|x86.Build.0 = Release|Win32
		{E821280A-E88D-4C5B-9DC1-7D7E5DAA1148}.Debug|x64.ActiveCfg = Debug|x64
		{E821280A-E88D-4C5B-9DC1-7D7E5DAA1148}.Debug|x64.Build.0 = Debug|x64
		{E821280A-E88D-4C5B-9DC1-7D7E5DAA1148}.Debug|x86.ActiveCfg = Debug|Win32
		{E821280A-E88D-4C5B-9DC1-7D7E5DAA1148}.Debug|x86.Build.0 = Debug|Win32
		{E821280A-E88D-4C5B-9DC1-7D7E5DAA1148}.Release|x64.ActiveCfg = Release|x64
		{E821280A-E88D-4C5B-9DC1-7D7E5DAA1148}.Release|x64.Build.0 = Release|x64
		{E821280A-E88D-4C5B-9DC1-7D7E5DAA1148}.Release|x86.ActiveCfg = Release|Win32
		{E821280A-E88D-4C5B-9DC1-7D7E5DAA1148}.Release|x86.Build.0 = Release|Win32
		{7B606E04-3C85-4D32-82B0-1B70619AF64D}.Debug|x64.ActiveCfg = Debug|x64
		{7B606E04-3C85-4D32-82B0-1B70619AF64D}.Debug|x64.Build.0 = Debug|x64
		{7B606E04-3C85-4D32-82B0-1B70619AF64D}.Debug|x86.ActiveCfg = Debug|Win32
		{7B606E04-3C85-4D32-82B0-1B70619AF64D}.Debug|x86.Build.0 = Debug|Win32
		{7B606E04-3C85-4D32-82B0-1B70619AF64D}.Release|x64.ActiveCfg = Release|x64
		{7B606E04-3C85-4D32-82B0-1B70619AF64D}.Release|x64.Build.0 = Release|x64
		{7B606E04-3C85-4D32-82B0-1B70619AF64D}.Release|x86.ActiveCfg = Release|Win32
		{7B606E04-3C85-4D32-82B0-1B70619AF64D}.Release|x86.Build.0 = Release|Win32
		{1F8B1FCE-8249-408C-A3A6-FC54EA5C91B7}.Debug|x64.ActiveCfg = Debug|x64
		{1F8B1FCE-8249-408C-A3A6-FC54EA5C91B7}.Debug|x64.Build.0 = Debug|x64
		{1F8B1FCE-8249-408C-A3A6-FC54EA5C91B7}.Debug|x86.ActiveCfg = Debug|Win32
		{1F8B1FCE-8249-408C-A3A6-FC54EA5C91B7}.Debug|x86.Build.0 = Debug|Win32
		{1F8B1FCE-8249-408C-A3A6-FC54EA5C91B7}.Release|x64.ActiveCfg = Release|x64
		{1F8B1FCE-8249-408C-A3A6-FC54EA5C91B7}.Release|x64.Build.0 = Release|x64
		{1F8B1FCE-8249-408C-A3A6-FC54EA5C91B7}.Release|x86.ActiveCfg = Release|Win32
		{1F8B1FCE-8249-408C-A3A6-FC54EA5C91B7}.Release|x86.Build.0 = Release|Win32
		{224D4ECD-463C-466D-9880-571032F83476}.Debug|x64.ActiveCfg = Debug|x64
		{224D4ECD-463C-466D-9880-571032F83476}.Debug|x64.Build.0 = Debug|x64
		{224D4ECD-463C-466D-9880-571032F83476}.Debug|x86.ActiveCfg = Debug|Win32
		{224D4ECD-463C-466D-9880-571032F83476}.Debug|x86.Build.0 = Debug|Win32
		{224D4ECD-463C-466D-9880-571032F83476}.Release|x64.ActiveCfg = Release|x64
		{224D4ECD-463C-466D-9880-571032F83476}.Release|x64.Build.0 = Release|x64
		{224D4ECD-463C-466D-9880-571032F83476}.Release|x86.ActiveCfg = Release|Win32
		{224D4ECD-463C-466D-9880-571032F83476}.Release|x86.Build.0 = Release|Win32
		{22B776C5-C6D5-449D-9203-3D4F2ED4499E}.Debug|x64.ActiveCfg = Debug|x64
		{22B776C5-C6D5-449D-9203-3D4F2ED4499E}.Debug|x64.Build.0 = Debug|x64
		{22B776C5-C6D5-449D-9203-3D4F2ED4499E}.Debug|x86.ActiveCfg = Debug|Win32
		{22B776C5-C6D5-449D-9203-3D4F2ED4499E}.Debug|x86.Build.0 = Debug|Win32
		{22B776C5-C6D5-449D-9203-3D4F2ED4499E}.Release|x64.ActiveCfg = Release|x64
		{22B776C5-C6D5-449D-9203-3D4F2ED4499E}.Release|x64.Build.0 = Release|x64
		{22B776C5-C6D5-449D-9203-3D4F2ED4499E}.Release|x86.ActiveCfg = Release|Win32
		{22B776C5-C6D5-449D-9203-3D4F2ED4499E}.Release|x86.Build.0 = Release|Win32
		{1B95416D-243F-4EFE-B2BD-EFE2AAA45E92}.Debug|x64.ActiveCfg = Debug|x64
		{1B95416D-243F-4EFE-B2BD-EFE2AAA45E92}.Debug|x64.Build.0 = Debug|x64
		{1B95416D-243F-4EFE-B2BD-EFE2AAA45E92}.Debug|x86.ActiveCfg = Debug|Win32
		{1B95416D-243F-4EFE-B2BD-EFE2AAA45E92}.Debug|x86.Build.0 = Debug|Win32
		{1B95416D-243F-4EFE-B2BD-EFE2AAA45E92}.Release|x64.ActiveCfg = Release|x64
		{1B95416D-243F-4EFE-B2BD-EFE2AAA45E92}.Release|x64.Build.0 = Release|x64
		{1B95416D-243F-4EFE-B2BD-EFE2AAA45E92}.Release|x86.ActiveCfg = Release|Win32
		{1B95416D-243F-4EFE-B2BD-EFE2AAA45E92}.Release|x86.Build.0 = Release|Win32
		{C17A23C1-EDFD-4E2E-8BBC-FAFD616EBF95}.Debug|x64.ActiveCfg = Debug|x64
		{C17A23C1-EDFD-4E2E-8BBC-FAFD616EBF95}.Debug|x64.Build.0 = Debug|x64
		{C17A23C1-EDFD-4E2E-8BBC-FAFD616EBF95}.Debug|x86.ActiveCfg = Debug|Win32
		{C17A23C1-EDFD-4E2E-8BBC-FAFD616EBF95}.Debug|x86.Build.0 = Debug|Win32
		{C17A23C1-EDFD-4E2E-8BBC-FAFD616EBF95}.Release|x64.ActiveCfg = Release|x64
		{C17A23C1-EDFD-4E2E-8BBC-FAFD616EBF95}.Release|x64.Build.0 = Release|x64
		{C17A23C1-EDFD-4E2E-8BBC-FAFD616EBF95}.Release|x86.ActiveCfg = Release|Win32
		{C17A23C1-EDFD-4E2E-8BBC-FAFD616EBF95}.Release|x86.Build.0 = Release|Win32
	EndGlobalSection
	GlobalSection(SolutionProperties) = preSolution
		HideSolutionNode = FALSE
	EndGlobalSection
	GlobalSection(ExtensibilityGlobals) = postSolution
		SolutionGuid = {BA13872F-676D-4C25-9FE7-5F4F190C5827}
	EndGlobalSection
EndGlobal
