
Microsoft Visual Studio Solution File, Format Version 12.00
# Visual Studio Version 17
VisualStudioVersion = 17.6.33815.320
MinimumVisualStudioVersion = 10.0.40219.1
Project("{2150E333-8FDC-42A3-9474-1A3956D46DE8}") = "SortingAlgorithm", "SortingAlgorithm", "{1830A892-4FCF-489D-87DF-D8F4B5465E2B}"
EndProject
Project("{2150E333-8FDC-42A3-9474-1A3956D46DE8}") = "GraphAlgorithm", "GraphAlgorithm", "{85992D98-BDB4-42EE-BC17-1AEA290D154A}"
EndProject
Project("{2150E333-8FDC-42A3-9474-1A3956D46DE8}") = "DataStructure", "DataStructure", "{EFDEE9E7-3F5C-4BFF-A1BB-86F3D58263C9}"
EndProject
Project("{8BC9CEB8-8B4A-11D0-8D11-00A0C91BC942}") = "QuickSelect", "SelectionAlgorithm\QuickSelect\QuickSelect.vcxproj", "{2F9C42C7-6A38-4827-858F-AD2D475DA0A1}"
EndProject
Project("{2150E333-8FDC-42A3-9474-1A3956D46DE8}") = "ConvexHullAlgorithm", "ConvexHullAlgorithm", "{4B258D2B-48FA-4D79-8062-105B2521803B}"
EndProject
Project("{2150E333-8FDC-42A3-9474-1A3956D46DE8}") = "StringSearchAlgorithm", "StringSearchAlgorithm", "{595A4D4E-0734-49F4-8C63-087EA0908EF1}"
EndProject
Project("{2150E333-8FDC-42A3-9474-1A3956D46DE8}") = "SelectionAlgorithm", "SelectionAlgorithm", "{63800A77-3420-499A-81E2-A1925FA85025}"
EndProject
Project("{8BC9CEB8-8B4A-11D0-8D11-00A0C91BC942}") = "GrahamScan", "ConvexHullAlgorithm\GrahamScan\GrahamScan.vcxproj", "{60930657-C1D8-47BF-AEA0-C0287DB9F959}"
EndProject
Project("{8BC9CEB8-8B4A-11D0-8D11-00A0C91BC942}") = "BinarySearchTree", "DataStructure\BinarySearchTree\BinarySearchTree.vcxproj", "{678D3191-8375-4857-80D7-9C8070C300ED}"
EndProject
Project("{8BC9CEB8-8B4A-11D0-8D11-00A0C91BC942}") = "DisjointSet", "DataStructure\DisjointSet\DisjointSet.vcxproj", "{7B606E04-3C85-4D32-82B0-1B70619AF64D}"
EndProject
Project("{8BC9CEB8-8B4A-11D0-8D11-00A0C91BC942}") = "Graph", "DataStructure\Graph\Graph.vcxproj", "{64EB316F-1E95-4958-AC0C-58FA17ED0155}"
EndProject
Project("{8BC9CEB8-8B4A-11D0-8D11-00A0C91BC942}") = "HashTable", "DataStructure\HashTable\HashTable.vcxproj", "{DF2A6C78-65F8-4CF4-B240-356104BF508E}"
EndProject
Project("{8BC9CEB8-8B4A-11D0-8D11-00A0C91BC942}") = "KDTree", "DataStructure\KDTree\KDTree.vcxproj", "{CB14AE18-2F4A-4742-82D0-201B5FC5E0F7}"
EndProject
Project("{8BC9CEB8-8B4A-11D0-8D11-00A0C91BC942}") = "RedBlackTree", "DataStructure\RedBlackTree\RedBlackTree.vcxproj", "{5164EE84-A632-46F8-A32E-49B6E87C61CB}"
EndProject
Project("{8BC9CEB8-8B4A-11D0-8D11-00A0C91BC942}") = "SegmentTree", "DataStructure\SegmentTree\SegmentTree.vcxproj", "{7C80B968-61B4-41B8-8137-695B006B9A0E}"
EndProject
Project("{8BC9CEB8-8B4A-11D0-8D11-00A0C91BC942}") = "AStar", "GraphAlgorithm\AStar\AStar.vcxproj", "{1ED0F3BD-8577-4EED-BE2B-5B35D32E30DE}"
EndProject
Project("{8BC9CEB8-8B4A-11D0-8D11-00A0C91BC942}") = "BellmanFord", "GraphAlgorithm\BellmanFord\BellmanFord.vcxproj", "{22B776C5-C6D5-449D-9203-3D4F2ED4499E}"
EndProject
Project("{8BC9CEB8-8B4A-11D0-8D11-00A0C91BC942}") = "DAGShortestPath", "GraphAlgorithm\DAGShortestPath\DAGShortestPath.vcxproj", "{1B95416D-243F-4EFE-B2BD-EFE2AAA45E92}"
EndProject
Project("{8BC9CEB8-8B4A-11D0-8D11-00A0C91BC942}") = "Dijkstra", "GraphAlgorithm\Dijkstra\Dijkstra.vcxproj", "{C17A23C1-EDFD-4E2E-8BBC-FAFD616EBF95}"
EndProject
Project("{8BC9CEB8-8B4A-11D0-8D11-00A0C91BC942}") = "Kruskal", "GraphAlgorithm\Kruskal\Kruskal.vcxproj", "{1F8B1FCE-8249-408C-A3A6-FC54EA5C91B7}"
EndProject
Project("{8BC9CEB8-8B4A-11D0-8D11-00A0C91BC942}") = "Prim", "GraphAlgorithm\Prim\Prim.vcxproj", "{224D4ECD-463C-466D-9880-571032F83476}"
EndProject
Project("{8BC9CEB8-8B4A-11D0-8D11-00A0C91BC942}") = "BucketSort", "SortingAlgorithm\BucketSort\BucketSort.vcxproj", "{AEFC4A26-B3B3-41DA-A8BA-96C43A6C82C4}"
EndProject
Project("{8BC9CEB8-8B4A-11D0-8D11-00A0C91BC942}") = "CountingSort", "SortingAlgorithm\CountingSort\CountingSort.vcxproj", "{9F084C37-9BFB-4111-A2B9-17B990AE87CA}"
EndProject
Project("{8BC9CEB8-8B4A-11D0-8D11-00A0C91BC942}") = "HeapSort", "SortingAlgorithm\HeapSort\HeapSort.vcxproj", "{470D7CEF-BB41-4776-B41A-863378F738DA}"
EndProject
Project("{8BC9CEB8-8B4A-11D0-8D11-00A0C91BC942}") = "QuickSort", "SortingAlgorithm\QuickSort\QuickSort.vcxproj", "{07E878E2-EECB-4A57-BF3C-212A71027254}"
EndProject
Project("{8BC9CEB8-8B4A-11D0-8D11-00A0C91BC942}") = "RadixSort", "SortingAlgorithm\RadixSort\RadixSort.vcxproj", "{5E29C659-36C5-4F05-9FC1-0F7B2C595F43}"
EndProject
Project("{8BC9CEB8-8B4A-11D0-8D11-00A0C91BC942}") = "TopologicalSort", "SortingAlgorithm\TopologicalSort\TopologicalSort.vcxproj", "{E821280A-E88D-4C5B-9DC1-7D7E5DAA1148}"
EndProject
Project("{8BC9CEB8-8B4A-11D0-8D11-00A0C91BC942}") = "KnuthMorrisPratt", "StringSearchAlgorithm\KnuthMorrisPratt\KnuthMorrisPratt.vcxproj", "{83B6EC1E-0331-44E2-805A-1E6C5477094C}"
EndProject
Project("{2150E333-8FDC-42A3-9474-1A3956D46DE8}") = "DynamicProgramming", "DynamicProgramming", "{9551481B-BCA5-498F-8A64-AD9E353B79A6}"
EndProject
Project("{8BC9CEB8-8B4A-11D0-8D11-00A0C91BC942}") = "0-1Knapsack", "DynamicProgramming\0-1Knapsack\0-1Knapsack.vcxproj", "{7B7BF316-6B18-4CB2-B402-3A428A248398}"
EndProject
Project("{8BC9CEB8-8B4A-11D0-8D11-00A0C91BC942}") = "LongestIncreasingSubsequence", "DynamicProgramming\LongestIncreasingSubsequence\LongestIncreasingSubsequence.vcxproj", "{0B00A02E-D729-480D-B00C-92AC00E39D78}"
EndProject
Project("{8BC9CEB8-8B4A-11D0-8D11-00A0C91BC942}") = "RodCutting", "DynamicProgramming\RodCutting\RodCutting.vcxproj", "{5BEC753F-E318-43F0-8754-C2B10D0DD16C}"
EndProject
Project("{8BC9CEB8-8B4A-11D0-8D11-00A0C91BC942}") = "LevenshteinDistance", "DynamicProgramming\LevenshteinDistance\LevenshteinDistance.vcxproj", "{C2252404-AF08-4EF7-A03D-37965215D9F1}"
EndProject
Project("{8BC9CEB8-8B4A-11D0-8D11-00A0C91BC942}") = "LongestCommonSubsequence", "DynamicProgramming\LongestCommonSubsequence\LongestCommonSubsequence.vcxproj", "{167B66A8-0CA2-44BB-A403-55C0DA49E6FE}"
EndProject
Project("{8BC9CEB8-8B4A-11D0-8D11-00A0C91BC942}") = "CoinChange", "DynamicProgramming\CoinChange\CoinChange.vcxproj", "{A45785E4-204D-495F-9A7C-A48182ECE76E}"
EndProject
Project("{8BC9CEB8-8B4A-11D0-8D11-00A0C91BC942}") = "BinaryHeap", "DataStructure\BinaryHeap\BinaryHeap.vcxproj", "{2F08C07F-D7D6-466E-8294-8441033D08FA}"
EndProject
Project("{8BC9CEB8-8B4A-11D0-8D11-00A0C91BC942}") = "FibonacciHeap", "DataStructure\FibonacciHeap\FibonacciHeap.vcxproj", "{AC7ECBAF-6F38-45EA-AD47-5F23FC95616D}"
EndProject
Global
	GlobalSection(SolutionConfigurationPlatforms) = preSolution
		Debug|x64 = Debug|x64
		Debug|x86 = Debug|x86
		Release|x64 = Release|x64
		Release|x86 = Release|x86
	EndGlobalSection
	GlobalSection(ProjectConfigurationPlatforms) = postSolution
		{2F9C42C7-6A38-4827-858F-AD2D475DA0A1}.Debug|x64.ActiveCfg = Debug|x64
		{2F9C42C7-6A38-4827-858F-AD2D475DA0A1}.Debug|x64.Build.0 = Debug|x64
		{2F9C42C7-6A38-4827-858F-AD2D475DA0A1}.Debug|x86.ActiveCfg = Debug|Win32
		{2F9C42C7-6A38-4827-858F-AD2D475DA0A1}.Debug|x86.Build.0 = Debug|Win32
		{2F9C42C7-6A38-4827-858F-AD2D475DA0A1}.Release|x64.ActiveCfg = Release|x64
		{2F9C42C7-6A38-4827-858F-AD2D475DA0A1}.Release|x64.Build.0 = Release|x64
		{2F9C42C7-6A38-4827-858F-AD2D475DA0A1}.Release|x86.ActiveCfg = Release|Win32
		{2F9C42C7-6A38-4827-858F-AD2D475DA0A1}.Release|x86.Build.0 = Release|Win32
		{60930657-C1D8-47BF-AEA0-C0287DB9F959}.Debug|x64.ActiveCfg = Debug|x64
		{60930657-C1D8-47BF-AEA0-C0287DB9F959}.Debug|x64.Build.0 = Debug|x64
		{60930657-C1D8-47BF-AEA0-C0287DB9F959}.Debug|x86.ActiveCfg = Debug|Win32
		{60930657-C1D8-47BF-AEA0-C0287DB9F959}.Debug|x86.Build.0 = Debug|Win32
		{60930657-C1D8-47BF-AEA0-C0287DB9F959}.Release|x64.ActiveCfg = Release|x64
		{60930657-C1D8-47BF-AEA0-C0287DB9F959}.Release|x64.Build.0 = Release|x64
		{60930657-C1D8-47BF-AEA0-C0287DB9F959}.Release|x86.ActiveCfg = Release|Win32
		{60930657-C1D8-47BF-AEA0-C0287DB9F959}.Release|x86.Build.0 = Release|Win32
		{678D3191-8375-4857-80D7-9C8070C300ED}.Debug|x64.ActiveCfg = Debug|x64
		{678D3191-8375-4857-80D7-9C8070C300ED}.Debug|x64.Build.0 = Debug|x64
		{678D3191-8375-4857-80D7-9C8070C300ED}.Debug|x86.ActiveCfg = Debug|Win32
		{678D3191-8375-4857-80D7-9C8070C300ED}.Debug|x86.Build.0 = Debug|Win32
		{678D3191-8375-4857-80D7-9C8070C300ED}.Release|x64.ActiveCfg = Release|x64
		{678D3191-8375-4857-80D7-9C8070C300ED}.Release|x64.Build.0 = Release|x64
		{678D3191-8375-4857-80D7-9C8070C300ED}.Release|x86.ActiveCfg = Release|Win32
		{678D3191-8375-4857-80D7-9C8070C300ED}.Release|x86.Build.0 = Release|Win32
		{7B606E04-3C85-4D32-82B0-1B70619AF64D}.Debug|x64.ActiveCfg = Debug|x64
		{7B606E04-3C85-4D32-82B0-1B70619AF64D}.Debug|x64.Build.0 = Debug|x64
		{7B606E04-3C85-4D32-82B0-1B70619AF64D}.Debug|x86.ActiveCfg = Debug|Win32
		{7B606E04-3C85-4D32-82B0-1B70619AF64D}.Debug|x86.Build.0 = Debug|Win32
		{7B606E04-3C85-4D32-82B0-1B70619AF64D}.Release|x64.ActiveCfg = Release|x64
		{7B606E04-3C85-4D32-82B0-1B70619AF64D}.Release|x64.Build.0 = Release|x64
		{7B606E04-3C85-4D32-82B0-1B70619AF64D}.Release|x86.ActiveCfg = Release|Win32
		{7B606E04-3C85-4D32-82B0-1B70619AF64D}.Release|x86.Build.0 = Release|Win32
		{64EB316F-1E95-4958-AC0C-58FA17ED0155}.Debug|x64.ActiveCfg = Debug|x64
		{64EB316F-1E95-4958-AC0C-58FA17ED0155}.Debug|x64.Build.0 = Debug|x64
		{64EB316F-1E95-4958-AC0C-58FA17ED0155}.Debug|x86.ActiveCfg = Debug|Win32
		{64EB316F-1E95-4958-AC0C-58FA17ED0155}.Debug|x86.Build.0 = Debug|Win32
		{64EB316F-1E95-4958-AC0C-58FA17ED0155}.Release|x64.ActiveCfg = Release|x64
		{64EB316F-1E95-4958-AC0C-58FA17ED0155}.Release|x64.Build.0 = Release|x64
		{64EB316F-1E95-4958-AC0C-58FA17ED0155}.Release|x86.ActiveCfg = Release|Win32
		{64EB316F-1E95-4958-AC0C-58FA17ED0155}.Release|x86.Build.0 = Release|Win32
		{DF2A6C78-65F8-4CF4-B240-356104BF508E}.Debug|x64.ActiveCfg = Debug|x64
		{DF2A6C78-65F8-4CF4-B240-356104BF508E}.Debug|x64.Build.0 = Debug|x64
		{DF2A6C78-65F8-4CF4-B240-356104BF508E}.Debug|x86.ActiveCfg = Debug|Win32
		{DF2A6C78-65F8-4CF4-B240-356104BF508E}.Debug|x86.Build.0 = Debug|Win32
		{DF2A6C78-65F8-4CF4-B240-356104BF508E}.Release|x64.ActiveCfg = Release|x64
		{DF2A6C78-65F8-4CF4-B240-356104BF508E}.Release|x64.Build.0 = Release|x64
		{DF2A6C78-65F8-4CF4-B240-356104BF508E}.Release|x86.ActiveCfg = Release|Win32
		{DF2A6C78-65F8-4CF4-B240-356104BF508E}.Release|x86.Build.0 = Release|Win32
		{CB14AE18-2F4A-4742-82D0-201B5FC5E0F7}.Debug|x64.ActiveCfg = Debug|x64
		{CB14AE18-2F4A-4742-82D0-201B5FC5E0F7}.Debug|x64.Build.0 = Debug|x64
		{CB14AE18-2F4A-4742-82D0-201B5FC5E0F7}.Debug|x86.ActiveCfg = Debug|Win32
		{CB14AE18-2F4A-4742-82D0-201B5FC5E0F7}.Debug|x86.Build.0 = Debug|Win32
		{CB14AE18-2F4A-4742-82D0-201B5FC5E0F7}.Release|x64.ActiveCfg = Release|x64
		{CB14AE18-2F4A-4742-82D0-201B5FC5E0F7}.Release|x64.Build.0 = Release|x64
		{CB14AE18-2F4A-4742-82D0-201B5FC5E0F7}.Release|x86.ActiveCfg = Release|Win32
		{CB14AE18-2F4A-4742-82D0-201B5FC5E0F7}.Release|x86.Build.0 = Release|Win32
		{5164EE84-A632-46F8-A32E-49B6E87C61CB}.Debug|x64.ActiveCfg = Debug|x64
		{5164EE84-A632-46F8-A32E-49B6E87C61CB}.Debug|x64.Build.0 = Debug|x64
		{5164EE84-A632-46F8-A32E-49B6E87C61CB}.Debug|x86.ActiveCfg = Debug|Win32
		{5164EE84-A632-46F8-A32E-49B6E87C61CB}.Debug|x86.Build.0 = Debug|Win32
		{5164EE84-A632-46F8-A32E-49B6E87C61CB}.Release|x64.ActiveCfg = Release|x64
		{5164EE84-A632-46F8-A32E-49B6E87C61CB}.Release|x64.Build.0 = Release|x64
		{5164EE84-A632-46F8-A32E-49B6E87C61CB}.Release|x86.ActiveCfg = Release|Win32
		{5164EE84-A632-46F8-A32E-49B6E87C61CB}.Release|x86.Build.0 = Release|Win32
		{7C80B968-61B4-41B8-8137-695B006B9A0E}.Debug|x64.ActiveCfg = Debug|x64
		{7C80B968-61B4-41B8-8137-695B006B9A0E}.Debug|x64.Build.0 = Debug|x64
		{7C80B968-61B4-41B8-8137-695B006B9A0E}.Debug|x86.ActiveCfg = Debug|Win32
		{7C80B968-61B4-41B8-8137-695B006B9A0E}.Debug|x86.Build.0 = Debug|Win32
		{7C80B968-61B4-41B8-8137-695B006B9A0E}.Release|x64.ActiveCfg = Release|x64
		{7C80B968-61B4-41B8-8137-695B006B9A0E}.Release|x64.Build.0 = Release|x64
		{7C80B968-61B4-41B8-8137-695B006B9A0E}.Release|x86.ActiveCfg = Release|Win32
		{7C80B968-61B4-41B8-8137-695B006B9A0E}.Release|x86.Build.0 = Release|Win32
		{1ED0F3BD-8577-4EED-BE2B-5B35D32E30DE}.Debug|x64.ActiveCfg = Debug|x64
		{1ED0F3BD-8577-4EED-BE2B-5B35D32E30DE}.Debug|x64.Build.0 = Debug|x64
		{1ED0F3BD-8577-4EED-BE2B-5B35D32E30DE}.Debug|x86.ActiveCfg = Debug|Win32
		{1ED0F3BD-8577-4EED-BE2B-5B35D32E30DE}.Debug|x86.Build.0 = Debug|Win32
		{1ED0F3BD-8577-4EED-BE2B-5B35D32E30DE}.Release|x64.ActiveCfg = Release|x64
		{1ED0F3BD-8577-4EED-BE2B-5B35D32E30DE}.Release|x64.Build.0 = Release|x64
		{1ED0F3BD-8577-4EED-BE2B-5B35D32E30DE}.Release|x86.ActiveCfg = Release|Win32
		{1ED0F3BD-8577-4EED-BE2B-5B35D32E30DE}.Release|x86.Build.0 = Release|Win32
		{22B776C5-C6D5-449D-9203-3D4F2ED4499E}.Debug|x64.ActiveCfg = Debug|x64
		{22B776C5-C6D5-449D-9203-3D4F2ED4499E}.Debug|x64.Build.0 = Debug|x64
		{22B776C5-C6D5-449D-9203-3D4F2ED4499E}.Debug|x86.ActiveCfg = Debug|Win32
		{22B776C5-C6D5-449D-9203-3D4F2ED4499E}.Debug|x86.Build.0 = Debug|Win32
		{22B776C5-C6D5-449D-9203-3D4F2ED4499E}.Release|x64.ActiveCfg = Release|x64
		{22B776C5-C6D5-449D-9203-3D4F2ED4499E}.Release|x64.Build.0 = Release|x64
		{22B776C5-C6D5-449D-9203-3D4F2ED4499E}.Release|x86.ActiveCfg = Release|Win32
		{22B776C5-C6D5-449D-9203-3D4F2ED4499E}.Release|x86.Build.0 = Release|Win32
		{1B95416D-243F-4EFE-B2BD-EFE2AAA45E92}.Debug|x64.ActiveCfg = Debug|x64
		{1B95416D-243F-4EFE-B2BD-EFE2AAA45E92}.Debug|x64.Build.0 = Debug|x64
		{1B95416D-243F-4EFE-B2BD-EFE2AAA45E92}.Debug|x86.ActiveCfg = Debug|Win32
		{1B95416D-243F-4EFE-B2BD-EFE2AAA45E92}.Debug|x86.Build.0 = Debug|Win32
		{1B95416D-243F-4EFE-B2BD-EFE2AAA45E92}.Release|x64.ActiveCfg = Release|x64
		{1B95416D-243F-4EFE-B2BD-EFE2AAA45E92}.Release|x64.Build.0 = Release|x64
		{1B95416D-243F-4EFE-B2BD-EFE2AAA45E92}.Release|x86.ActiveCfg = Release|Win32
		{1B95416D-243F-4EFE-B2BD-EFE2AAA45E92}.Release|x86.Build.0 = Release|Win32
		{C17A23C1-EDFD-4E2E-8BBC-FAFD616EBF95}.Debug|x64.ActiveCfg = Debug|x64
		{C17A23C1-EDFD-4E2E-8BBC-FAFD616EBF95}.Debug|x64.Build.0 = Debug|x64
		{C17A23C1-EDFD-4E2E-8BBC-FAFD616EBF95}.Debug|x86.ActiveCfg = Debug|Win32
		{C17A23C1-EDFD-4E2E-8BBC-FAFD616EBF95}.Debug|x86.Build.0 = Debug|Win32
		{C17A23C1-EDFD-4E2E-8BBC-FAFD616EBF95}.Release|x64.ActiveCfg = Release|x64
		{C17A23C1-EDFD-4E2E-8BBC-FAFD616EBF95}.Release|x64.Build.0 = Release|x64
		{C17A23C1-EDFD-4E2E-8BBC-FAFD616EBF95}.Release|x86.ActiveCfg = Release|Win32
		{C17A23C1-EDFD-4E2E-8BBC-FAFD616EBF95}.Release|x86.Build.0 = Release|Win32
		{1F8B1FCE-8249-408C-A3A6-FC54EA5C91B7}.Debug|x64.ActiveCfg = Debug|x64
		{1F8B1FCE-8249-408C-A3A6-FC54EA5C91B7}.Debug|x64.Build.0 = Debug|x64
		{1F8B1FCE-8249-408C-A3A6-FC54EA5C91B7}.Debug|x86.ActiveCfg = Debug|Win32
		{1F8B1FCE-8249-408C-A3A6-FC54EA5C91B7}.Debug|x86.Build.0 = Debug|Win32
		{1F8B1FCE-8249-408C-A3A6-FC54EA5C91B7}.Release|x64.ActiveCfg = Release|x64
		{1F8B1FCE-8249-408C-A3A6-FC54EA5C91B7}.Release|x64.Build.0 = Release|x64
		{1F8B1FCE-8249-408C-A3A6-FC54EA5C91B7}.Release|x86.ActiveCfg = Release|Win32
		{1F8B1FCE-8249-408C-A3A6-FC54EA5C91B7}.Release|x86.Build.0 = Release|Win32
		{224D4ECD-463C-466D-9880-571032F83476}.Debug|x64.ActiveCfg = Debug|x64
		{224D4ECD-463C-466D-9880-571032F83476}.Debug|x64.Build.0 = Debug|x64
		{224D4ECD-463C-466D-9880-571032F83476}.Debug|x86.ActiveCfg = Debug|Win32
		{224D4ECD-463C-466D-9880-571032F83476}.Debug|x86.Build.0 = Debug|Win32
		{224D4ECD-463C-466D-9880-571032F83476}.Release|x64.ActiveCfg = Release|x64
		{224D4ECD-463C-466D-9880-571032F83476}.Release|x64.Build.0 = Release|x64
		{224D4ECD-463C-466D-9880-571032F83476}.Release|x86.ActiveCfg = Release|Win32
		{224D4ECD-463C-466D-9880-571032F83476}.Release|x86.Build.0 = Release|Win32
		{AEFC4A26-B3B3-41DA-A8BA-96C43A6C82C4}.Debug|x64.ActiveCfg = Debug|x64
		{AEFC4A26-B3B3-41DA-A8BA-96C43A6C82C4}.Debug|x64.Build.0 = Debug|x64
		{AEFC4A26-B3B3-41DA-A8BA-96C43A6C82C4}.Debug|x86.ActiveCfg = Debug|Win32
		{AEFC4A26-B3B3-41DA-A8BA-96C43A6C82C4}.Debug|x86.Build.0 = Debug|Win32
		{AEFC4A26-B3B3-41DA-A8BA-96C43A6C82C4}.Release|x64.ActiveCfg = Release|x64
		{AEFC4A26-B3B3-41DA-A8BA-96C43A6C82C4}.Release|x64.Build.0 = Release|x64
		{AEFC4A26-B3B3-41DA-A8BA-96C43A6C82C4}.Release|x86.ActiveCfg = Release|Win32
		{AEFC4A26-B3B3-41DA-A8BA-96C43A6C82C4}.Release|x86.Build.0 = Release|Win32
		{9F084C37-9BFB-4111-A2B9-17B990AE87CA}.Debug|x64.ActiveCfg = Debug|x64
		{9F084C37-9BFB-4111-A2B9-17B990AE87CA}.Debug|x64.Build.0 = Debug|x64
		{9F084C37-9BFB-4111-A2B9-17B990AE87CA}.Debug|x86.ActiveCfg = Debug|Win32
		{9F084C37-9BFB-4111-A2B9-17B990AE87CA}.Debug|x86.Build.0 = Debug|Win32
		{9F084C37-9BFB-4111-A2B9-17B990AE87CA}.Release|x64.ActiveCfg = Release|x64
		{9F084C37-9BFB-4111-A2B9-17B990AE87CA}.Release|x64.Build.0 = Release|x64
		{9F084C37-9BFB-4111-A2B9-17B990AE87CA}.Release|x86.ActiveCfg = Release|Win32
		{9F084C37-9BFB-4111-A2B9-17B990AE87CA}.Release|x86.Build.0 = Release|Win32
		{470D7CEF-BB41-4776-B41A-863378F738DA}.Debug|x64.ActiveCfg = Debug|x64
		{470D7CEF-BB41-4776-B41A-863378F738DA}.Debug|x64.Build.0 = Debug|x64
		{470D7CEF-BB41-4776-B41A-863378F738DA}.Debug|x86.ActiveCfg = Debug|Win32
		{470D7CEF-BB41-4776-B41A-863378F738DA}.Debug|x86.Build.0 = Debug|Win32
		{470D7CEF-BB41-4776-B41A-863378F738DA}.Release|x64.ActiveCfg = Release|x64
		{470D7CEF-BB41-4776-B41A-863378F738DA}.Release|x64.Build.0 = Release|x64
		{470D7CEF-BB41-4776-B41A-863378F738DA}.Release|x86.ActiveCfg = Release|Win32
		{470D7CEF-BB41-4776-B41A-863378F738DA}.Release|x86.Build.0 = Release|Win32
		{07E878E2-EECB-4A57-BF3C-212A71027254}.Debug|x64.ActiveCfg = Debug|x64
		{07E878E2-EECB-4A57-BF3C-212A71027254}.Debug|x64.Build.0 = Debug|x64
		{07E878E2-EECB-4A57-BF3C-212A71027254}.Debug|x86.ActiveCfg = Debug|Win32
		{07E878E2-EECB-4A57-BF3C-212A71027254}.Debug|x86.Build.0 = Debug|Win32
		{07E878E2-EECB-4A57-BF3C-212A71027254}.Release|x64.ActiveCfg = Release|x64
		{07E878E2-EECB-4A57-BF3C-212A71027254}.Release|x64.Build.0 = Release|x64
		{07E878E2-EECB-4A57-BF3C-212A71027254}.Release|x86.ActiveCfg = Release|Win32
		{07E878E2-EECB-4A57-BF3C-212A71027254}.Release|x86.Build.0 = Release|Win32
		{5E29C659-36C5-4F05-9FC1-0F7B2C595F43}.Debug|x64.ActiveCfg = Debug|x64
		{5E29C659-36C5-4F05-9FC1-0F7B2C595F43}.Debug|x64.Build.0 = Debug|x64
		{5E29C659-36C5-4F05-9FC1-0F7B2C595F43}.Debug|x86.ActiveCfg = Debug|Win32
		{5E29C659-36C5-4F05-9FC1-0F7B2C595F43}.Debug|x86.Build.0 = Debug|Win32
		{5E29C659-36C5-4F05-9FC1-0F7B2C595F43}.Release|x64.ActiveCfg = Release|x64
		{5E29C659-36C5-4F05-9FC1-0F7B2C595F43}.Release|x64.Build.0 = Release|x64
		{5E29C659-36C5-4F05-9FC1-0F7B2C595F43}.Release|x86.ActiveCfg = Release|Win32
		{5E29C659-36C5-4F05-9FC1-0F7B2C595F43}.Release|x86.Build.0 = Release|Win32
		{E821280A-E88D-4C5B-9DC1-7D7E5DAA1148}.Debug|x64.ActiveCfg = Debug|x64
		{E821280A-E88D-4C5B-9DC1-7D7E5DAA1148}.Debug|x64.Build.0 = Debug|x64
		{E821280A-E88D-4C5B-9DC1-7D7E5DAA1148}.Debug|x86.ActiveCfg = Debug|Win32
		{E821280A-E88D-4C5B-9DC1-7D7E5DAA1148}.Debug|x86.Build.0 = Debug|Win32
		{E821280A-E88D-4C5B-9DC1-7D7E5DAA1148}.Release|x64.ActiveCfg = Release|x64
		{E821280A-E88D-4C5B-9DC1-7D7E5DAA1148}.Release|x64.Build.0 = Release|x64
		{E821280A-E88D-4C5B-9DC1-7D7E5DAA1148}.Release|x86.ActiveCfg = Release|Win32
		{E821280A-E88D-4C5B-9DC1-7D7E5DAA1148}.Release|x86.Build.0 = Release|Win32
		{83B6EC1E-0331-44E2-805A-1E6C5477094C}.Debug|x64.ActiveCfg = Debug|x64
		{83B6EC1E-0331-44E2-805A-1E6C5477094C}.Debug|x64.Build.0 = Debug|x64
		{83B6EC1E-0331-44E2-805A-1E6C5477094C}.Debug|x86.ActiveCfg = Debug|Win32
		{83B6EC1E-0331-44E2-805A-1E6C5477094C}.Debug|x86.Build.0 = Debug|Win32
		{83B6EC1E-0331-44E2-805A-1E6C5477094C}.Release|x64.ActiveCfg = Release|x64
		{83B6EC1E-0331-44E2-805A-1E6C5477094C}.Release|x64.Build.0 = Release|x64
		{83B6EC1E-0331-44E2-805A-1E6C5477094C}.Release|x86.ActiveCfg = Release|Win32
		{83B6EC1E-0331-44E2-805A-1E6C5477094C}.Release|x86.Build.0 = Release|Win32
		{7B7BF316-6B18-4CB2-B402-3A428A248398}.Debug|x64.ActiveCfg = Debug|x64
		{7B7BF316-6B18-4CB2-B402-3A428A248398}.Debug|x64.Build.0 = Debug|x64
		{7B7BF316-6B18-4CB2-B402-3A428A248398}.Debug|x86.ActiveCfg = Debug|Win32
		{7B7BF316-6B18-4CB2-B402-3A428A248398}.Debug|x86.Build.0 = Debug|Win32
		{7B7BF316-6B18-4CB2-B402-3A428A248398}.Release|x64.ActiveCfg = Release|x64
		{7B7BF316-6B18-4CB2-B402-3A428A248398}.Release|x64.Build.0 = Release|x64
		{7B7BF316-6B18-4CB2-B402-3A428A248398}.Release|x86.ActiveCfg = Release|Win32
		{7B7BF316-6B18-4CB2-B402-3A428A248398}.Release|x86.Build.0 = Release|Win32
		{0B00A02E-D729-480D-B00C-92AC00E39D78}.Debug|x64.ActiveCfg = Debug|x64
		{0B00A02E-D729-480D-B00C-92AC00E39D78}.Debug|x64.Build.0 = Debug|x64
		{0B00A02E-D729-480D-B00C-92AC00E39D78}.Debug|x86.ActiveCfg = Debug|Win32
		{0B00A02E-D729-480D-B00C-92AC00E39D78}.Debug|x86.Build.0 = Debug|Win32
		{0B00A02E-D729-480D-B00C-92AC00E39D78}.Release|x64.ActiveCfg = Release|x64
		{0B00A02E-D729-480D-B00C-92AC00E39D78}.Release|x64.Build.0 = Release|x64
		{0B00A02E-D729-480D-B00C-92AC00E39D78}.Release|x86.ActiveCfg = Release|Win32
		{0B00A02E-D729-480D-B00C-92AC00E39D78}.Release|x86.Build.0 = Release|Win32
		{5BEC753F-E318-43F0-8754-C2B10D0DD16C}.Debug|x64.ActiveCfg = Debug|x64
		{5BEC753F-E318-43F0-8754-C2B10D0DD16C}.Debug|x64.Build.0 = Debug|x64
		{5BEC753F-E318-43F0-8754-C2B10D0DD16C}.Debug|x86.ActiveCfg = Debug|Win32
		{5BEC753F-E318-43F0-8754-C2B10D0DD16C}.Debug|x86.Build.0 = Debug|Win32
		{5BEC753F-E318-43F0-8754-C2B10D0DD16C}.Release|x64.ActiveCfg = Release|x64
		{5BEC753F-E318-43F0-8754-C2B10D0DD16C}.Release|x64.Build.0 = Release|x64
		{5BEC753F-E318-43F0-8754-C2B10D0DD16C}.Release|x86.ActiveCfg = Release|Win32
		{5BEC753F-E318-43F0-8754-C2B10D0DD16C}.Release|x86.Build.0 = Release|Win32
		{C2252404-AF08-4EF7-A03D-37965215D9F1}.Debug|x64.ActiveCfg = Debug|x64
		{C2252404-AF08-4EF7-A03D-37965215D9F1}.Debug|x64.Build.0 = Debug|x64
		{C2252404-AF08-4EF7-A03D-37965215D9F1}.Debug|x86.ActiveCfg = Debug|Win32
		{C2252404-AF08-4EF7-A03D-37965215D9F1}.Debug|x86.Build.0 = Debug|Win32
		{C2252404-AF08-4EF7-A03D-37965215D9F1}.Release|x64.ActiveCfg = Release|x64
		{C2252404-AF08-4EF7-A03D-37965215D9F1}.Release|x64.Build.0 = Release|x64
		{C2252404-AF08-4EF7-A03D-37965215D9F1}.Release|x86.ActiveCfg = Release|Win32
		{C2252404-AF08-4EF7-A03D-37965215D9F1}.Release|x86.Build.0 = Release|Win32
		{167B66A8-0CA2-44BB-A403-55C0DA49E6FE}.Debug|x64.ActiveCfg = Debug|x64
		{167B66A8-0CA2-44BB-A403-55C0DA49E6FE}.Debug|x64.Build.0 = Debug|x64
		{167B66A8-0CA2-44BB-A403-55C0DA49E6FE}.Debug|x86.ActiveCfg = Debug|Win32
		{167B66A8-0CA2-44BB-A403-55C0DA49E6FE}.Debug|x86.Build.0 = Debug|Win32
		{167B66A8-0CA2-44BB-A403-55C0DA49E6FE}.Release|x64.ActiveCfg = Release|x64
		{167B66A8-0CA2-44BB-A403-55C0DA49E6FE}.Release|x64.Build.0 = Release|x64
		{167B66A8-0CA2-44BB-A403-55C0DA49E6FE}.Release|x86.ActiveCfg = Release|Win32
		{167B66A8-0CA2-44BB-A403-55C0DA49E6FE}.Release|x86.Build.0 = Release|Win32
		{A45785E4-204D-495F-9A7C-A48182ECE76E}.Debug|x64.ActiveCfg = Debug|x64
		{A45785E4-204D-495F-9A7C-A48182ECE76E}.Debug|x64.Build.0 = Debug|x64
		{A45785E4-204D-495F-9A7C-A48182ECE76E}.Debug|x86.ActiveCfg = Debug|Win32
		{A45785E4-204D-495F-9A7C-A48182ECE76E}.Debug|x86.Build.0 = Debug|Win32
		{A45785E4-204D-495F-9A7C-A48182ECE76E}.Release|x64.ActiveCfg = Release|x64
		{A45785E4-204D-495F-9A7C-A48182ECE76E}.Release|x64.Build.0 = Release|x64
		{A45785E4-204D-495F-9A7C-A48182ECE76E}.Release|x86.ActiveCfg = Release|Win32
		{A45785E4-204D-495F-9A7C-A48182ECE76E}.Release|x86.Build.0 = Release|Win32
		{2F08C07F-D7D6-466E-8294-8441033D08FA}.Debug|x64.ActiveCfg = Debug|x64
		{2F08C07F-D7D6-466E-8294-8441033D08FA}.Debug|x64.Build.0 = Debug|x64
		{2F08C07F-D7D6-466E-8294-8441033D08FA}.Debug|x86.ActiveCfg = Debug|Win32
		{2F08C07F-D7D6-466E-8294-8441033D08FA}.Debug|x86.Build.0 = Debug|Win32
		{2F08C07F-D7D6-466E-8294-8441033D08FA}.Release|x64.ActiveCfg = Release|x64
		{2F08C07F-D7D6-466E-8294-8441033D08FA}.Release|x64.Build.0 = Release|x64
		{2F08C07F-D7D6-466E-8294-8441033D08FA}.Release|x86.ActiveCfg = Release|Win32
		{2F08C07F-D7D6-466E-8294-8441033D08FA}.Release|x86.Build.0 = Release|Win32
		{AC7ECBAF-6F38-45EA-AD47-5F23FC95616D}.Debug|x64.ActiveCfg = Debug|x64
		{AC7ECBAF-6F38-45EA-AD47-5F23FC95616D}.Debug|x64.Build.0 = Debug|x64
		{AC7ECBAF-6F38-45EA-AD47-5F23FC95616D}.Debug|x86.ActiveCfg = Debug|Win32
		{AC7ECBAF-6F38-45EA-AD47-5F23FC95616D}.Debug|x86.Build.0 = Debug|Win32
		{AC7ECBAF-6F38-45EA-AD47-5F23FC95616D}.Release|x64.ActiveCfg = Release|x64
		{AC7ECBAF-6F38-45EA-AD47-5F23FC95616D}.Release|x64.Build.0 = Release|x64
		{AC7ECBAF-6F38-45EA-AD47-5F23FC95616D}.Release|x86.ActiveCfg = Release|Win32
		{AC7ECBAF-6F38-45EA-AD47-5F23FC95616D}.Release|x86.Build.0 = Release|Win32
	EndGlobalSection
	GlobalSection(SolutionProperties) = preSolution
		HideSolutionNode = FALSE
	EndGlobalSection
	GlobalSection(NestedProjects) = preSolution
		{2F9C42C7-6A38-4827-858F-AD2D475DA0A1} = {63800A77-3420-499A-81E2-A1925FA85025}
		{60930657-C1D8-47BF-AEA0-C0287DB9F959} = {4B258D2B-48FA-4D79-8062-105B2521803B}
		{678D3191-8375-4857-80D7-9C8070C300ED} = {EFDEE9E7-3F5C-4BFF-A1BB-86F3D58263C9}
		{7B606E04-3C85-4D32-82B0-1B70619AF64D} = {EFDEE9E7-3F5C-4BFF-A1BB-86F3D58263C9}
		{64EB316F-1E95-4958-AC0C-58FA17ED0155} = {EFDEE9E7-3F5C-4BFF-A1BB-86F3D58263C9}
		{DF2A6C78-65F8-4CF4-B240-356104BF508E} = {EFDEE9E7-3F5C-4BFF-A1BB-86F3D58263C9}
		{CB14AE18-2F4A-4742-82D0-201B5FC5E0F7} = {EFDEE9E7-3F5C-4BFF-A1BB-86F3D58263C9}
		{5164EE84-A632-46F8-A32E-49B6E87C61CB} = {EFDEE9E7-3F5C-4BFF-A1BB-86F3D58263C9}
		{7C80B968-61B4-41B8-8137-695B006B9A0E} = {EFDEE9E7-3F5C-4BFF-A1BB-86F3D58263C9}
		{1ED0F3BD-8577-4EED-BE2B-5B35D32E30DE} = {85992D98-BDB4-42EE-BC17-1AEA290D154A}
		{22B776C5-C6D5-449D-9203-3D4F2ED4499E} = {85992D98-BDB4-42EE-BC17-1AEA290D154A}
		{1B95416D-243F-4EFE-B2BD-EFE2AAA45E92} = {85992D98-BDB4-42EE-BC17-1AEA290D154A}
		{C17A23C1-EDFD-4E2E-8BBC-FAFD616EBF95} = {85992D98-BDB4-42EE-BC17-1AEA290D154A}
		{1F8B1FCE-8249-408C-A3A6-FC54EA5C91B7} = {85992D98-BDB4-42EE-BC17-1AEA290D154A}
		{224D4ECD-463C-466D-9880-571032F83476} = {85992D98-BDB4-42EE-BC17-1AEA290D154A}
		{AEFC4A26-B3B3-41DA-A8BA-96C43A6C82C4} = {1830A892-4FCF-489D-87DF-D8F4B5465E2B}
		{9F084C37-9BFB-4111-A2B9-17B990AE87CA} = {1830A892-4FCF-489D-87DF-D8F4B5465E2B}
		{470D7CEF-BB41-4776-B41A-863378F738DA} = {1830A892-4FCF-489D-87DF-D8F4B5465E2B}
		{07E878E2-EECB-4A57-BF3C-212A71027254} = {1830A892-4FCF-489D-87DF-D8F4B5465E2B}
		{5E29C659-36C5-4F05-9FC1-0F7B2C595F43} = {1830A892-4FCF-489D-87DF-D8F4B5465E2B}
		{E821280A-E88D-4C5B-9DC1-7D7E5DAA1148} = {1830A892-4FCF-489D-87DF-D8F4B5465E2B}
		{83B6EC1E-0331-44E2-805A-1E6C5477094C} = {595A4D4E-0734-49F4-8C63-087EA0908EF1}
		{7B7BF316-6B18-4CB2-B402-3A428A248398} = {9551481B-BCA5-498F-8A64-AD9E353B79A6}
		{0B00A02E-D729-480D-B00C-92AC00E39D78} = {9551481B-BCA5-498F-8A64-AD9E353B79A6}
		{5BEC753F-E318-43F0-8754-C2B10D0DD16C} = {9551481B-BCA5-498F-8A64-AD9E353B79A6}
		{C2252404-AF08-4EF7-A03D-37965215D9F1} = {9551481B-BCA5-498F-8A64-AD9E353B79A6}
		{167B66A8-0CA2-44BB-A403-55C0DA49E6FE} = {9551481B-BCA5-498F-8A64-AD9E353B79A6}
		{A45785E4-204D-495F-9A7C-A48182ECE76E} = {9551481B-BCA5-498F-8A64-AD9E353B79A6}
		{2F08C07F-D7D6-466E-8294-8441033D08FA} = {EFDEE9E7-3F5C-4BFF-A1BB-86F3D58263C9}
		{AC7ECBAF-6F38-45EA-AD47-5F23FC95616D} = {EFDEE9E7-3F5C-4BFF-A1BB-86F3D58263C9}
	EndGlobalSection
	GlobalSection(ExtensibilityGlobals) = postSolution
		SolutionGuid = {BA13872F-676D-4C25-9FE7-5F4F190C5827}
	EndGlobalSection
EndGlobal
